
Microsoft Visual Studio Solution File, Format Version 12.00
# Visual Studio 2012
Project("{FAE04EC0-301F-11D3-BF4B-00C04F79EFBC}") = "ProteinTrackeriOS", "ProteinTrackeriOS\ProteinTrackeriOS.csproj", "{A0F2C7AE-3CC0-4E49-8979-462868DFBDA6}"
EndProject
Global
	GlobalSection(SolutionConfigurationPlatforms) = preSolution
		Debug|iPhoneSimulator = Debug|iPhoneSimulator
		Release|iPhoneSimulator = Release|iPhoneSimulator
		Debug|iPhone = Debug|iPhone
		Release|iPhone = Release|iPhone
		Ad-Hoc|iPhone = Ad-Hoc|iPhone
		AppStore|iPhone = AppStore|iPhone
	EndGlobalSection
	GlobalSection(ProjectConfigurationPlatforms) = postSolution
		{A0F2C7AE-3CC0-4E49-8979-462868DFBDA6}.Ad-Hoc|iPhone.ActiveCfg = Ad-Hoc|iPhone
		{A0F2C7AE-3CC0-4E49-8979-462868DFBDA6}.Ad-Hoc|iPhone.Build.0 = Ad-Hoc|iPhone
		{A0F2C7AE-3CC0-4E49-8979-462868DFBDA6}.AppStore|iPhone.ActiveCfg = AppStore|iPhone
		{A0F2C7AE-3CC0-4E49-8979-462868DFBDA6}.AppStore|iPhone.Build.0 = AppStore|iPhone
		{A0F2C7AE-3CC0-4E49-8979-462868DFBDA6}.Debug|iPhone.ActiveCfg = Debug|iPhone
		{A0F2C7AE-3CC0-4E49-8979-462868DFBDA6}.Debug|iPhone.Build.0 = Debug|iPhone
		{A0F2C7AE-3CC0-4E49-8979-462868DFBDA6}.Debug|iPhoneSimulator.ActiveCfg = Debug|iPhoneSimulator
		{A0F2C7AE-3CC0-4E49-8979-462868DFBDA6}.Debug|iPhoneSimulator.Build.0 = Debug|iPhoneSimulator
		{A0F2C7AE-3CC0-4E49-8979-462868DFBDA6}.Release|iPhone.ActiveCfg = Release|iPhone
		{A0F2C7AE-3CC0-4E49-8979-462868DFBDA6}.Release|iPhone.Build.0 = Release|iPhone
		{A0F2C7AE-3CC0-4E49-8979-462868DFBDA6}.Release|iPhoneSimulator.ActiveCfg = Release|iPhoneSimulator
		{A0F2C7AE-3CC0-4E49-8979-462868DFBDA6}.Release|iPhoneSimulator.Build.0 = Release|iPhoneSimulator
	EndGlobalSection
	GlobalSection(MonoDevelopProperties) = preSolution
		StartupItem = ProteinTrackeriOS\ProteinTrackeriOS.csproj
	EndGlobalSection
EndGlobal
